// !$*UTF8*$!
{
	archiveVersion = 1;
	classes = {
	};
	objectVersion = 46;
	objects = {

/* Begin PBXBuildFile section */
		971725F71D3F618A00D5C72D /* AppDelegate.m in Sources */ = {isa = PBXBuildFile; fileRef = 971725F61D3F618A00D5C72D /* AppDelegate.m */; };
		971725FA1D3F618A00D5C72D /* main.m in Sources */ = {isa = PBXBuildFile; fileRef = 971725F91D3F618A00D5C72D /* main.m */; };
		972215FA1DD06C5100C74CE6 /* ZoomLogo.png in Resources */ = {isa = PBXBuildFile; fileRef = 9755A2871D6D8C8300B69E72 /* ZoomLogo.png */; };
		972215FB1DD06C5100C74CE6 /* Assets.xcassets in Resources */ = {isa = PBXBuildFile; fileRef = 971725FB1D3F618A00D5C72D /* Assets.xcassets */; };
		972215FC1DD06C5100C74CE6 /* MainMenu.xib in Resources */ = {isa = PBXBuildFile; fileRef = 971725FD1D3F618A00D5C72D /* MainMenu.xib */; };
		972215FD1DD06C5100C74CE6 /* ZoomSDKWindowController.xib in Resources */ = {isa = PBXBuildFile; fileRef = 97B35FAC1D76B549006ACC00 /* ZoomSDKWindowController.xib */; };
		9729ED131DD5AF7200DB188D /* libcrypto.1.0.0.dylib in Frameworks */ = {isa = PBXBuildFile; fileRef = 9729ECF81DD5AF7200DB188D /* libcrypto.1.0.0.dylib */; };
		9729ED141DD5AF7200DB188D /* libssl.1.0.0.dylib in Frameworks */ = {isa = PBXBuildFile; fileRef = 9729ECF91DD5AF7200DB188D /* libssl.1.0.0.dylib */; };
		9729ED241DD5AF7200DB188D /* ZoomSDK.framework in Frameworks */ = {isa = PBXBuildFile; fileRef = 9729ED091DD5AF7200DB188D /* ZoomSDK.framework */; };
		9729EDF61DD5B9A900DB188D /* Cocoa.framework in Frameworks */ = {isa = PBXBuildFile; fileRef = 9717274E1D3F702800D5C72D /* Cocoa.framework */; };
		9729EDF71DD5B9C600DB188D /* annoter.bundle in Copy Files */ = {isa = PBXBuildFile; fileRef = 9729ECF31DD5AF7100DB188D /* annoter.bundle */; settings = {ATTRIBUTES = (CodeSignOnCopy, RemoveHeadersOnCopy, ); }; };
		9729EDF81DD5B9C600DB188D /* asproxy.framework in Copy Files */ = {isa = PBXBuildFile; fileRef = 9729ECF41DD5AF7100DB188D /* asproxy.framework */; settings = {ATTRIBUTES = (CodeSignOnCopy, RemoveHeadersOnCopy, ); }; };
		9729EDF91DD5B9C600DB188D /* cmmlib.framework in Copy Files */ = {isa = PBXBuildFile; fileRef = 9729ECF51DD5AF7100DB188D /* cmmlib.framework */; settings = {ATTRIBUTES = (CodeSignOnCopy, RemoveHeadersOnCopy, ); }; };
		9729EDFA1DD5B9C600DB188D /* curl_openssl_framework.framework in Copy Files */ = {isa = PBXBuildFile; fileRef = 9729ECF61DD5AF7100DB188D /* curl_openssl_framework.framework */; settings = {ATTRIBUTES = (CodeSignOnCopy, RemoveHeadersOnCopy, ); }; };
		9729EDFB1DD5B9C600DB188D /* faac.bundle in Copy Files */ = {isa = PBXBuildFile; fileRef = 9729ECF71DD5AF7100DB188D /* faac.bundle */; settings = {ATTRIBUTES = (CodeSignOnCopy, RemoveHeadersOnCopy, ); }; };
		9729EDFC1DD5B9C600DB188D /* libcrypto.1.0.0.dylib in Copy Files */ = {isa = PBXBuildFile; fileRef = 9729ECF81DD5AF7200DB188D /* libcrypto.1.0.0.dylib */; settings = {ATTRIBUTES = (CodeSignOnCopy, ); }; };
		9729EDFD1DD5B9C600DB188D /* libssl.1.0.0.dylib in Copy Files */ = {isa = PBXBuildFile; fileRef = 9729ECF91DD5AF7200DB188D /* libssl.1.0.0.dylib */; settings = {ATTRIBUTES = (CodeSignOnCopy, ); }; };
		9729EDFE1DD5B9C600DB188D /* mcm.bundle in Copy Files */ = {isa = PBXBuildFile; fileRef = 9729ECFA1DD5AF7200DB188D /* mcm.bundle */; settings = {ATTRIBUTES = (CodeSignOnCopy, RemoveHeadersOnCopy, ); }; };
		9729EDFF1DD5B9C600DB188D /* nydus.framework in Copy Files */ = {isa = PBXBuildFile; fileRef = 9729ECFB1DD5AF7200DB188D /* nydus.framework */; settings = {ATTRIBUTES = (CodeSignOnCopy, RemoveHeadersOnCopy, ); }; };
		9729EE001DD5B9C600DB188D /* protobuf.framework in Copy Files */ = {isa = PBXBuildFile; fileRef = 9729ECFC1DD5AF7200DB188D /* protobuf.framework */; settings = {ATTRIBUTES = (CodeSignOnCopy, RemoveHeadersOnCopy, ); }; };
		9729EE011DD5B9C600DB188D /* ssb_sdk.bundle in Copy Files */ = {isa = PBXBuildFile; fileRef = 9729ECFD1DD5AF7200DB188D /* ssb_sdk.bundle */; settings = {ATTRIBUTES = (CodeSignOnCopy, RemoveHeadersOnCopy, ); }; };
		9729EE021DD5B9C600DB188D /* tp.framework in Copy Files */ = {isa = PBXBuildFile; fileRef = 9729ECFE1DD5AF7200DB188D /* tp.framework */; settings = {ATTRIBUTES = (CodeSignOnCopy, RemoveHeadersOnCopy, ); }; };
		9729EE031DD5B9C600DB188D /* Transcode.app in Copy Files */ = {isa = PBXBuildFile; fileRef = 9729ECFF1DD5AF7200DB188D /* Transcode.app */; settings = {ATTRIBUTES = (RemoveHeadersOnCopy, ); }; };
		9729EE041DD5B9C600DB188D /* util.framework in Copy Files */ = {isa = PBXBuildFile; fileRef = 9729ED001DD5AF7200DB188D /* util.framework */; settings = {ATTRIBUTES = (CodeSignOnCopy, RemoveHeadersOnCopy, ); }; };
		9729EE051DD5B9C600DB188D /* viper.framework in Copy Files */ = {isa = PBXBuildFile; fileRef = 9729ED011DD5AF7200DB188D /* viper.framework */; settings = {ATTRIBUTES = (CodeSignOnCopy, RemoveHeadersOnCopy, ); }; };
		9729EE061DD5B9C600DB188D /* xmpp_framework.framework in Copy Files */ = {isa = PBXBuildFile; fileRef = 9729ED021DD5AF7200DB188D /* xmpp_framework.framework */; settings = {ATTRIBUTES = (CodeSignOnCopy, RemoveHeadersOnCopy, ); }; };
		9729EE071DD5B9C600DB188D /* zAutoUpdate.bundle in Copy Files */ = {isa = PBXBuildFile; fileRef = 9729ED031DD5AF7200DB188D /* zAutoUpdate.bundle */; settings = {ATTRIBUTES = (CodeSignOnCopy, RemoveHeadersOnCopy, ); }; };
		9729EE081DD5B9C600DB188D /* zChatApp.bundle in Copy Files */ = {isa = PBXBuildFile; fileRef = 9729ED041DD5AF7200DB188D /* zChatApp.bundle */; settings = {ATTRIBUTES = (CodeSignOnCopy, RemoveHeadersOnCopy, ); }; };
		9729EE091DD5B9C600DB188D /* ZCommonUI.framework in Copy Files */ = {isa = PBXBuildFile; fileRef = 9729ED051DD5AF7200DB188D /* ZCommonUI.framework */; settings = {ATTRIBUTES = (CodeSignOnCopy, RemoveHeadersOnCopy, ); }; };
		9729EE0A1DD5B9C600DB188D /* zData.bundle in Copy Files */ = {isa = PBXBuildFile; fileRef = 9729ED061DD5AF7200DB188D /* zData.bundle */; settings = {ATTRIBUTES = (CodeSignOnCopy, RemoveHeadersOnCopy, ); }; };
		9729EE0B1DD5B9C600DB188D /* zlt.bundle in Copy Files */ = {isa = PBXBuildFile; fileRef = 9729ED071DD5AF7200DB188D /* zlt.bundle */; settings = {ATTRIBUTES = (CodeSignOnCopy, RemoveHeadersOnCopy, ); }; };
		9729EE0C1DD5B9C600DB188D /* zmb.bundle in Copy Files */ = {isa = PBXBuildFile; fileRef = 9729ED081DD5AF7200DB188D /* zmb.bundle */; settings = {ATTRIBUTES = (CodeSignOnCopy, RemoveHeadersOnCopy, ); }; };
		9729EE0D1DD5B9C600DB188D /* ZoomSDK.framework in Copy Files */ = {isa = PBXBuildFile; fileRef = 9729ED091DD5AF7200DB188D /* ZoomSDK.framework */; settings = {ATTRIBUTES = (CodeSignOnCopy, RemoveHeadersOnCopy, ); }; };
		9729EE0E1DD5B9C600DB188D /* zSDKRes.bundle in Copy Files */ = {isa = PBXBuildFile; fileRef = 9729ED0A1DD5AF7200DB188D /* zSDKRes.bundle */; settings = {ATTRIBUTES = (CodeSignOnCopy, RemoveHeadersOnCopy, ); }; };
		9729EE0F1DD5B9C600DB188D /* zVideoApp.bundle in Copy Files */ = {isa = PBXBuildFile; fileRef = 9729ED0B1DD5AF7200DB188D /* zVideoApp.bundle */; settings = {ATTRIBUTES = (CodeSignOnCopy, RemoveHeadersOnCopy, ); }; };
		9729EE101DD5B9C600DB188D /* zVideoUI.bundle in Copy Files */ = {isa = PBXBuildFile; fileRef = 9729ED0C1DD5AF7200DB188D /* zVideoUI.bundle */; settings = {ATTRIBUTES = (CodeSignOnCopy, RemoveHeadersOnCopy, ); }; };
		9729EE111DD5B9C600DB188D /* zWebService.bundle in Copy Files */ = {isa = PBXBuildFile; fileRef = 9729ED0D1DD5AF7200DB188D /* zWebService.bundle */; settings = {ATTRIBUTES = (CodeSignOnCopy, RemoveHeadersOnCopy, ); }; };
		97B35FAD1D76B549006ACC00 /* ZoomSDKWindowController.m in Sources */ = {isa = PBXBuildFile; fileRef = 97B35FAB1D76B549006ACC00 /* ZoomSDKWindowController.m */; };
/* End PBXBuildFile section */

/* Begin PBXCopyFilesBuildPhase section */
		971726471D3F693900D5C72D /* Copy Files */ = {
			isa = PBXCopyFilesBuildPhase;
			buildActionMask = 2147483647;
			dstPath = "";
			dstSubfolderSpec = 10;
			files = (
				9729EDF71DD5B9C600DB188D /* annoter.bundle in Copy Files */,
				9729EDF81DD5B9C600DB188D /* asproxy.framework in Copy Files */,
				9729EDF91DD5B9C600DB188D /* cmmlib.framework in Copy Files */,
				9729EDFA1DD5B9C600DB188D /* curl_openssl_framework.framework in Copy Files */,
				9729EDFB1DD5B9C600DB188D /* faac.bundle in Copy Files */,
				9729EDFC1DD5B9C600DB188D /* libcrypto.1.0.0.dylib in Copy Files */,
				9729EDFD1DD5B9C600DB188D /* libssl.1.0.0.dylib in Copy Files */,
				9729EDFE1DD5B9C600DB188D /* mcm.bundle in Copy Files */,
				9729EDFF1DD5B9C600DB188D /* nydus.framework in Copy Files */,
				9729EE001DD5B9C600DB188D /* protobuf.framework in Copy Files */,
				9729EE011DD5B9C600DB188D /* ssb_sdk.bundle in Copy Files */,
				9729EE021DD5B9C600DB188D /* tp.framework in Copy Files */,
				9729EE031DD5B9C600DB188D /* Transcode.app in Copy Files */,
				9729EE041DD5B9C600DB188D /* util.framework in Copy Files */,
				9729EE051DD5B9C600DB188D /* viper.framework in Copy Files */,
				9729EE061DD5B9C600DB188D /* xmpp_framework.framework in Copy Files */,
				9729EE071DD5B9C600DB188D /* zAutoUpdate.bundle in Copy Files */,
				9729EE081DD5B9C600DB188D /* zChatApp.bundle in Copy Files */,
				9729EE091DD5B9C600DB188D /* ZCommonUI.framework in Copy Files */,
				9729EE0A1DD5B9C600DB188D /* zData.bundle in Copy Files */,
				9729EE0B1DD5B9C600DB188D /* zlt.bundle in Copy Files */,
				9729EE0C1DD5B9C600DB188D /* zmb.bundle in Copy Files */,
				9729EE0D1DD5B9C600DB188D /* ZoomSDK.framework in Copy Files */,
				9729EE0E1DD5B9C600DB188D /* zSDKRes.bundle in Copy Files */,
				9729EE0F1DD5B9C600DB188D /* zVideoApp.bundle in Copy Files */,
				9729EE101DD5B9C600DB188D /* zVideoUI.bundle in Copy Files */,
				9729EE111DD5B9C600DB188D /* zWebService.bundle in Copy Files */,
			);
			name = "Copy Files";
			runOnlyForDeploymentPostprocessing = 0;
		};
/* End PBXCopyFilesBuildPhase section */

/* Begin PBXFileReference section */
		971725F21D3F618A00D5C72D /* ZoomSDKSample.app */ = {isa = PBXFileReference; explicitFileType = wrapper.application; includeInIndex = 0; path = ZoomSDKSample.app; sourceTree = BUILT_PRODUCTS_DIR; };
		971725F51D3F618A00D5C72D /* AppDelegate.h */ = {isa = PBXFileReference; lastKnownFileType = sourcecode.c.h; path = AppDelegate.h; sourceTree = "<group>"; };
		971725F61D3F618A00D5C72D /* AppDelegate.m */ = {isa = PBXFileReference; lastKnownFileType = sourcecode.c.objc; path = AppDelegate.m; sourceTree = "<group>"; };
		971725F91D3F618A00D5C72D /* main.m */ = {isa = PBXFileReference; lastKnownFileType = sourcecode.c.objc; path = main.m; sourceTree = "<group>"; };
		971725FB1D3F618A00D5C72D /* Assets.xcassets */ = {isa = PBXFileReference; lastKnownFileType = folder.assetcatalog; path = Assets.xcassets; sourceTree = "<group>"; };
		971725FE1D3F618A00D5C72D /* Base */ = {isa = PBXFileReference; lastKnownFileType = file.xib; name = Base; path = Base.lproj/MainMenu.xib; sourceTree = "<group>"; };
		971726001D3F618A00D5C72D /* Info.plist */ = {isa = PBXFileReference; lastKnownFileType = text.plist.xml; path = Info.plist; sourceTree = "<group>"; };
		9717274E1D3F702800D5C72D /* Cocoa.framework */ = {isa = PBXFileReference; lastKnownFileType = wrapper.framework; name = Cocoa.framework; path = System/Library/Frameworks/Cocoa.framework; sourceTree = SDKROOT; };
		9729ECF31DD5AF7100DB188D /* annoter.bundle */ = {isa = PBXFileReference; lastKnownFileType = "wrapper.plug-in"; name = annoter.bundle; path = ZoomSDK/annoter.bundle; sourceTree = "<group>"; };
		9729ECF41DD5AF7100DB188D /* asproxy.framework */ = {isa = PBXFileReference; lastKnownFileType = wrapper.framework; name = asproxy.framework; path = ZoomSDK/asproxy.framework; sourceTree = "<group>"; };
		9729ECF51DD5AF7100DB188D /* cmmlib.framework */ = {isa = PBXFileReference; lastKnownFileType = wrapper.framework; name = cmmlib.framework; path = ZoomSDK/cmmlib.framework; sourceTree = "<group>"; };
		9729ECF61DD5AF7100DB188D /* curl_openssl_framework.framework */ = {isa = PBXFileReference; lastKnownFileType = wrapper.framework; name = curl_openssl_framework.framework; path = ZoomSDK/curl_openssl_framework.framework; sourceTree = "<group>"; };
		9729ECF71DD5AF7100DB188D /* faac.bundle */ = {isa = PBXFileReference; lastKnownFileType = "wrapper.plug-in"; name = faac.bundle; path = ZoomSDK/faac.bundle; sourceTree = "<group>"; };
		9729ECF81DD5AF7200DB188D /* libcrypto.1.0.0.dylib */ = {isa = PBXFileReference; lastKnownFileType = "compiled.mach-o.dylib"; name = libcrypto.1.0.0.dylib; path = ZoomSDK/libcrypto.1.0.0.dylib; sourceTree = "<group>"; };
		9729ECF91DD5AF7200DB188D /* libssl.1.0.0.dylib */ = {isa = PBXFileReference; lastKnownFileType = "compiled.mach-o.dylib"; name = libssl.1.0.0.dylib; path = ZoomSDK/libssl.1.0.0.dylib; sourceTree = "<group>"; };
		9729ECFA1DD5AF7200DB188D /* mcm.bundle */ = {isa = PBXFileReference; lastKnownFileType = "wrapper.plug-in"; name = mcm.bundle; path = ZoomSDK/mcm.bundle; sourceTree = "<group>"; };
		9729ECFB1DD5AF7200DB188D /* nydus.framework */ = {isa = PBXFileReference; lastKnownFileType = wrapper.framework; name = nydus.framework; path = ZoomSDK/nydus.framework; sourceTree = "<group>"; };
		9729ECFC1DD5AF7200DB188D /* protobuf.framework */ = {isa = PBXFileReference; lastKnownFileType = wrapper.framework; name = protobuf.framework; path = ZoomSDK/protobuf.framework; sourceTree = "<group>"; };
		9729ECFD1DD5AF7200DB188D /* ssb_sdk.bundle */ = {isa = PBXFileReference; lastKnownFileType = "wrapper.plug-in"; name = ssb_sdk.bundle; path = ZoomSDK/ssb_sdk.bundle; sourceTree = "<group>"; };
		9729ECFE1DD5AF7200DB188D /* tp.framework */ = {isa = PBXFileReference; lastKnownFileType = wrapper.framework; name = tp.framework; path = ZoomSDK/tp.framework; sourceTree = "<group>"; };
		9729ECFF1DD5AF7200DB188D /* Transcode.app */ = {isa = PBXFileReference; lastKnownFileType = wrapper.application; name = Transcode.app; path = ZoomSDK/Transcode.app; sourceTree = "<group>"; };
		9729ED001DD5AF7200DB188D /* util.framework */ = {isa = PBXFileReference; lastKnownFileType = wrapper.framework; name = util.framework; path = ZoomSDK/util.framework; sourceTree = "<group>"; };
		9729ED011DD5AF7200DB188D /* viper.framework */ = {isa = PBXFileReference; lastKnownFileType = wrapper.framework; name = viper.framework; path = ZoomSDK/viper.framework; sourceTree = "<group>"; };
		9729ED021DD5AF7200DB188D /* xmpp_framework.framework */ = {isa = PBXFileReference; lastKnownFileType = wrapper.framework; name = xmpp_framework.framework; path = ZoomSDK/xmpp_framework.framework; sourceTree = "<group>"; };
		9729ED031DD5AF7200DB188D /* zAutoUpdate.bundle */ = {isa = PBXFileReference; lastKnownFileType = "wrapper.plug-in"; name = zAutoUpdate.bundle; path = ZoomSDK/zAutoUpdate.bundle; sourceTree = "<group>"; };
		9729ED041DD5AF7200DB188D /* zChatApp.bundle */ = {isa = PBXFileReference; lastKnownFileType = "wrapper.plug-in"; name = zChatApp.bundle; path = ZoomSDK/zChatApp.bundle; sourceTree = "<group>"; };
		9729ED051DD5AF7200DB188D /* ZCommonUI.framework */ = {isa = PBXFileReference; lastKnownFileType = wrapper.framework; name = ZCommonUI.framework; path = ZoomSDK/ZCommonUI.framework; sourceTree = "<group>"; };
		9729ED061DD5AF7200DB188D /* zData.bundle */ = {isa = PBXFileReference; lastKnownFileType = "wrapper.plug-in"; name = zData.bundle; path = ZoomSDK/zData.bundle; sourceTree = "<group>"; };
		9729ED071DD5AF7200DB188D /* zlt.bundle */ = {isa = PBXFileReference; lastKnownFileType = "wrapper.plug-in"; name = zlt.bundle; path = ZoomSDK/zlt.bundle; sourceTree = "<group>"; };
		9729ED081DD5AF7200DB188D /* zmb.bundle */ = {isa = PBXFileReference; lastKnownFileType = "wrapper.plug-in"; name = zmb.bundle; path = ZoomSDK/zmb.bundle; sourceTree = "<group>"; };
		9729ED091DD5AF7200DB188D /* ZoomSDK.framework */ = {isa = PBXFileReference; lastKnownFileType = wrapper.framework; name = ZoomSDK.framework; path = ZoomSDK/ZoomSDK.framework; sourceTree = "<group>"; };
		9729ED0A1DD5AF7200DB188D /* zSDKRes.bundle */ = {isa = PBXFileReference; lastKnownFileType = "wrapper.plug-in"; name = zSDKRes.bundle; path = ZoomSDK/zSDKRes.bundle; sourceTree = "<group>"; };
		9729ED0B1DD5AF7200DB188D /* zVideoApp.bundle */ = {isa = PBXFileReference; lastKnownFileType = "wrapper.plug-in"; name = zVideoApp.bundle; path = ZoomSDK/zVideoApp.bundle; sourceTree = "<group>"; };
		9729ED0C1DD5AF7200DB188D /* zVideoUI.bundle */ = {isa = PBXFileReference; lastKnownFileType = "wrapper.plug-in"; name = zVideoUI.bundle; path = ZoomSDK/zVideoUI.bundle; sourceTree = "<group>"; };
		9729ED0D1DD5AF7200DB188D /* zWebService.bundle */ = {isa = PBXFileReference; lastKnownFileType = "wrapper.plug-in"; name = zWebService.bundle; path = ZoomSDK/zWebService.bundle; sourceTree = "<group>"; };
		9755A2871D6D8C8300B69E72 /* ZoomLogo.png */ = {isa = PBXFileReference; lastKnownFileType = image.png; path = ZoomLogo.png; sourceTree = "<group>"; };
		97B35FAA1D76B549006ACC00 /* ZoomSDKWindowController.h */ = {isa = PBXFileReference; fileEncoding = 4; lastKnownFileType = sourcecode.c.h; path = ZoomSDKWindowController.h; sourceTree = "<group>"; };
		97B35FAB1D76B549006ACC00 /* ZoomSDKWindowController.m */ = {isa = PBXFileReference; fileEncoding = 4; lastKnownFileType = sourcecode.c.objc; path = ZoomSDKWindowController.m; sourceTree = "<group>"; };
		97B35FAC1D76B549006ACC00 /* ZoomSDKWindowController.xib */ = {isa = PBXFileReference; fileEncoding = 4; lastKnownFileType = file.xib; path = ZoomSDKWindowController.xib; sourceTree = "<group>"; };
/* End PBXFileReference section */

/* Begin PBXFrameworksBuildPhase section */
		971725EF1D3F618A00D5C72D /* Frameworks */ = {
			isa = PBXFrameworksBuildPhase;
			buildActionMask = 2147483647;
			files = (
				9729EDF61DD5B9A900DB188D /* Cocoa.framework in Frameworks */,
				9729ED141DD5AF7200DB188D /* libssl.1.0.0.dylib in Frameworks */,
				9729ED131DD5AF7200DB188D /* libcrypto.1.0.0.dylib in Frameworks */,
				9729ED241DD5AF7200DB188D /* ZoomSDK.framework in Frameworks */,
			);
			runOnlyForDeploymentPostprocessing = 0;
		};
/* End PBXFrameworksBuildPhase section */

/* Begin PBXGroup section */
		971725E91D3F618A00D5C72D = {
			isa = PBXGroup;
			children = (
				971C0DDA1D40964C0083AD9B /* Framworks */,
				971725F41D3F618A00D5C72D /* ZoomSDKSample */,
				971725F31D3F618A00D5C72D /* Products */,
			);
			sourceTree = "<group>";
		};
		971725F31D3F618A00D5C72D /* Products */ = {
			isa = PBXGroup;
			children = (
				971725F21D3F618A00D5C72D /* ZoomSDKSample.app */,
			);
			name = Products;
			sourceTree = "<group>";
		};
		971725F41D3F618A00D5C72D /* ZoomSDKSample */ = {
			isa = PBXGroup;
			children = (
				9755A2871D6D8C8300B69E72 /* ZoomLogo.png */,
				971725F51D3F618A00D5C72D /* AppDelegate.h */,
				971725F61D3F618A00D5C72D /* AppDelegate.m */,
				971725FB1D3F618A00D5C72D /* Assets.xcassets */,
				971725FD1D3F618A00D5C72D /* MainMenu.xib */,
				971726001D3F618A00D5C72D /* Info.plist */,
				971725F81D3F618A00D5C72D /* Supporting Files */,
				97B35FAA1D76B549006ACC00 /* ZoomSDKWindowController.h */,
				97B35FAB1D76B549006ACC00 /* ZoomSDKWindowController.m */,
				97B35FAC1D76B549006ACC00 /* ZoomSDKWindowController.xib */,
			);
			path = ZoomSDKSample;
			sourceTree = "<group>";
		};
		971725F81D3F618A00D5C72D /* Supporting Files */ = {
			isa = PBXGroup;
			children = (
				971725F91D3F618A00D5C72D /* main.m */,
			);
			name = "Supporting Files";
			sourceTree = "<group>";
		};
		971C0DDA1D40964C0083AD9B /* Framworks */ = {
			isa = PBXGroup;
			children = (
				9729ECF31DD5AF7100DB188D /* annoter.bundle */,
				9729ECF41DD5AF7100DB188D /* asproxy.framework */,
				9729ECF51DD5AF7100DB188D /* cmmlib.framework */,
				9729ECF61DD5AF7100DB188D /* curl_openssl_framework.framework */,
				9729ECF71DD5AF7100DB188D /* faac.bundle */,
				9729ECF81DD5AF7200DB188D /* libcrypto.1.0.0.dylib */,
				9729ECF91DD5AF7200DB188D /* libssl.1.0.0.dylib */,
				9729ECFA1DD5AF7200DB188D /* mcm.bundle */,
				9729ECFB1DD5AF7200DB188D /* nydus.framework */,
				9729ECFC1DD5AF7200DB188D /* protobuf.framework */,
				9729ECFD1DD5AF7200DB188D /* ssb_sdk.bundle */,
				9729ECFE1DD5AF7200DB188D /* tp.framework */,
				9729ECFF1DD5AF7200DB188D /* Transcode.app */,
				9729ED001DD5AF7200DB188D /* util.framework */,
				9729ED011DD5AF7200DB188D /* viper.framework */,
				9729ED021DD5AF7200DB188D /* xmpp_framework.framework */,
				9729ED031DD5AF7200DB188D /* zAutoUpdate.bundle */,
				9729ED041DD5AF7200DB188D /* zChatApp.bundle */,
				9729ED051DD5AF7200DB188D /* ZCommonUI.framework */,
				9729ED061DD5AF7200DB188D /* zData.bundle */,
				9729ED071DD5AF7200DB188D /* zlt.bundle */,
				9729ED081DD5AF7200DB188D /* zmb.bundle */,
				9729ED091DD5AF7200DB188D /* ZoomSDK.framework */,
				9729ED0A1DD5AF7200DB188D /* zSDKRes.bundle */,
				9729ED0B1DD5AF7200DB188D /* zVideoApp.bundle */,
				9729ED0C1DD5AF7200DB188D /* zVideoUI.bundle */,
				9729ED0D1DD5AF7200DB188D /* zWebService.bundle */,
				9717274E1D3F702800D5C72D /* Cocoa.framework */,
			);
			name = Framworks;
			sourceTree = "<group>";
		};
/* End PBXGroup section */

/* Begin PBXNativeTarget section */
		971725F11D3F618A00D5C72D /* ZoomSDKSample */ = {
			isa = PBXNativeTarget;
			buildConfigurationList = 971726031D3F618A00D5C72D /* Build configuration list for PBXNativeTarget "ZoomSDKSample" */;
			buildPhases = (
				971725EE1D3F618A00D5C72D /* Sources */,
				971725EF1D3F618A00D5C72D /* Frameworks */,
				971725F01D3F618A00D5C72D /* Resources */,
				971726471D3F693900D5C72D /* Copy Files */,
			);
			buildRules = (
			);
			dependencies = (
			);
			name = ZoomSDKSample;
			productName = ZoomSDKSample;
			productReference = 971725F21D3F618A00D5C72D /* ZoomSDKSample.app */;
			productType = "com.apple.product-type.application";
		};
/* End PBXNativeTarget section */

/* Begin PBXProject section */
		971725EA1D3F618A00D5C72D /* Project object */ = {
			isa = PBXProject;
			attributes = {
				LastUpgradeCheck = 0710;
				ORGANIZATIONNAME = TOTTI;
				TargetAttributes = {
					971725F11D3F618A00D5C72D = {
						CreatedOnToolsVersion = 7.1.1;
					};
				};
			};
			buildConfigurationList = 971725ED1D3F618A00D5C72D /* Build configuration list for PBXProject "ZoomSDKSample" */;
			compatibilityVersion = "Xcode 3.2";
			developmentRegion = English;
			hasScannedForEncodings = 0;
			knownRegions = (
				en,
				Base,
			);
			mainGroup = 971725E91D3F618A00D5C72D;
			productRefGroup = 971725F31D3F618A00D5C72D /* Products */;
			projectDirPath = "";
			projectRoot = "";
			targets = (
				971725F11D3F618A00D5C72D /* ZoomSDKSample */,
			);
		};
/* End PBXProject section */

/* Begin PBXResourcesBuildPhase section */
		971725F01D3F618A00D5C72D /* Resources */ = {
			isa = PBXResourcesBuildPhase;
			buildActionMask = 2147483647;
			files = (
				972215FA1DD06C5100C74CE6 /* ZoomLogo.png in Resources */,
				972215FB1DD06C5100C74CE6 /* Assets.xcassets in Resources */,
				972215FC1DD06C5100C74CE6 /* MainMenu.xib in Resources */,
				972215FD1DD06C5100C74CE6 /* ZoomSDKWindowController.xib in Resources */,
			);
			runOnlyForDeploymentPostprocessing = 0;
		};
/* End PBXResourcesBuildPhase section */

/* Begin PBXSourcesBuildPhase section */
		971725EE1D3F618A00D5C72D /* Sources */ = {
			isa = PBXSourcesBuildPhase;
			buildActionMask = 2147483647;
			files = (
				971725FA1D3F618A00D5C72D /* main.m in Sources */,
				971725F71D3F618A00D5C72D /* AppDelegate.m in Sources */,
				97B35FAD1D76B549006ACC00 /* ZoomSDKWindowController.m in Sources */,
			);
			runOnlyForDeploymentPostprocessing = 0;
		};
/* End PBXSourcesBuildPhase section */

/* Begin PBXVariantGroup section */
		971725FD1D3F618A00D5C72D /* MainMenu.xib */ = {
			isa = PBXVariantGroup;
			children = (
				971725FE1D3F618A00D5C72D /* Base */,
			);
			name = MainMenu.xib;
			sourceTree = "<group>";
		};
/* End PBXVariantGroup section */

/* Begin XCBuildConfiguration section */
		971726011D3F618A00D5C72D /* Debug */ = {
			isa = XCBuildConfiguration;
			buildSettings = {
				ALWAYS_SEARCH_USER_PATHS = NO;
				CLANG_CXX_LANGUAGE_STANDARD = "gnu++0x";
				CLANG_CXX_LIBRARY = "libc++";
				CLANG_ENABLE_MODULES = YES;
				CLANG_ENABLE_OBJC_ARC = YES;
				CLANG_WARN_BOOL_CONVERSION = YES;
				CLANG_WARN_CONSTANT_CONVERSION = YES;
				CLANG_WARN_DIRECT_OBJC_ISA_USAGE = YES_ERROR;
				CLANG_WARN_EMPTY_BODY = YES;
				CLANG_WARN_ENUM_CONVERSION = YES;
				CLANG_WARN_INT_CONVERSION = YES;
				CLANG_WARN_OBJC_ROOT_CLASS = YES_ERROR;
				CLANG_WARN_UNREACHABLE_CODE = YES;
				CLANG_WARN__DUPLICATE_METHOD_MATCH = YES;
				CODE_SIGN_IDENTITY = "-";
				COPY_PHASE_STRIP = NO;
				DEBUG_INFORMATION_FORMAT = dwarf;
				ENABLE_STRICT_OBJC_MSGSEND = YES;
				ENABLE_TESTABILITY = YES;
				GCC_C_LANGUAGE_STANDARD = gnu99;
				GCC_DYNAMIC_NO_PIC = NO;
				GCC_NO_COMMON_BLOCKS = YES;
				GCC_OPTIMIZATION_LEVEL = 0;
				GCC_PREPROCESSOR_DEFINITIONS = (
					"DEBUG=1",
					"$(inherited)",
				);
				GCC_WARN_64_TO_32_BIT_CONVERSION = YES;
				GCC_WARN_ABOUT_RETURN_TYPE = YES_ERROR;
				GCC_WARN_UNDECLARED_SELECTOR = YES;
				GCC_WARN_UNINITIALIZED_AUTOS = YES_AGGRESSIVE;
				GCC_WARN_UNUSED_FUNCTION = YES;
				GCC_WARN_UNUSED_VARIABLE = YES;
				MACOSX_DEPLOYMENT_TARGET = 10.6;
				MTL_ENABLE_DEBUG_INFO = YES;
				ONLY_ACTIVE_ARCH = YES;
				SDKROOT = macosx;
				SYMROOT = "$(SRCROOT)/../../../../../../../../Bin/Mac/";
			};
			name = Debug;
		};
		971726021D3F618A00D5C72D /* Release */ = {
			isa = XCBuildConfiguration;
			buildSettings = {
				ALWAYS_SEARCH_USER_PATHS = NO;
				CLANG_CXX_LANGUAGE_STANDARD = "gnu++0x";
				CLANG_CXX_LIBRARY = "libc++";
				CLANG_ENABLE_MODULES = YES;
				CLANG_ENABLE_OBJC_ARC = YES;
				CLANG_WARN_BOOL_CONVERSION = YES;
				CLANG_WARN_CONSTANT_CONVERSION = YES;
				CLANG_WARN_DIRECT_OBJC_ISA_USAGE = YES_ERROR;
				CLANG_WARN_EMPTY_BODY = YES;
				CLANG_WARN_ENUM_CONVERSION = YES;
				CLANG_WARN_INT_CONVERSION = YES;
				CLANG_WARN_OBJC_ROOT_CLASS = YES_ERROR;
				CLANG_WARN_UNREACHABLE_CODE = YES;
				CLANG_WARN__DUPLICATE_METHOD_MATCH = YES;
				CODE_SIGN_IDENTITY = "-";
				COPY_PHASE_STRIP = NO;
				DEBUG_INFORMATION_FORMAT = "dwarf-with-dsym";
				ENABLE_NS_ASSERTIONS = NO;
				ENABLE_STRICT_OBJC_MSGSEND = YES;
				GCC_C_LANGUAGE_STANDARD = gnu99;
				GCC_NO_COMMON_BLOCKS = YES;
				GCC_WARN_64_TO_32_BIT_CONVERSION = YES;
				GCC_WARN_ABOUT_RETURN_TYPE = YES_ERROR;
				GCC_WARN_UNDECLARED_SELECTOR = YES;
				GCC_WARN_UNINITIALIZED_AUTOS = YES_AGGRESSIVE;
				GCC_WARN_UNUSED_FUNCTION = YES;
				GCC_WARN_UNUSED_VARIABLE = YES;
				MACOSX_DEPLOYMENT_TARGET = 10.6;
				MTL_ENABLE_DEBUG_INFO = NO;
				SDKROOT = macosx;
				SYMROOT = "$(SRCROOT)/../../../../../../../../Bin/Mac/";
			};
			name = Release;
		};
		971726041D3F618A00D5C72D /* Debug */ = {
			isa = XCBuildConfiguration;
			buildSettings = {
				ARCHS = "$(ARCHS_STANDARD_32_BIT)";
				ASSETCATALOG_COMPILER_APPICON_NAME = AppIcon;
				CLANG_ENABLE_OBJC_ARC = NO;
				CODE_SIGN_IDENTITY = "";
				COMBINE_HIDPI_IMAGES = YES;
				CONFIGURATION_BUILD_DIR = "$(SRCROOT)/Bin/Release";
				FRAMEWORK_SEARCH_PATHS = (
					"$(SRCROOT)/ZoomSDK",
					"$(PROJECT_DIR)/ZoomSDK",
				);
				GCC_INCREASE_PRECOMPILED_HEADER_SHARING = NO;
				HEADER_SEARCH_PATHS = "$(SRCROOT)/ZoomSDK/ZoomSDK.framework/Versions/A/Headers";
				INFOPLIST_FILE = ZoomSDKSample/Info.plist;
				LD_RUNPATH_SEARCH_PATHS = "$(inherited) @loader_path/../Frameworks";
				LIBRARY_SEARCH_PATHS = "$(PROJECT_DIR)/ZoomSDK";
				MACOSX_DEPLOYMENT_TARGET = 10.6;
				PRODUCT_BUNDLE_IDENTIFIER = zoom.us.ZoomSDKSample;
				PRODUCT_NAME = "$(TARGET_NAME)";
				SYMROOT = "$(SRCROOT)/Bin/Release";
			};
			name = Debug;
		};
		971726051D3F618A00D5C72D /* Release */ = {
			isa = XCBuildConfiguration;
			buildSettings = {
				ARCHS = "$(ARCHS_STANDARD_32_BIT)";
				ASSETCATALOG_COMPILER_APPICON_NAME = AppIcon;
				CLANG_ENABLE_OBJC_ARC = NO;
				CODE_SIGN_IDENTITY = "";
				COMBINE_HIDPI_IMAGES = YES;
				CONFIGURATION_BUILD_DIR = "$(SRCROOT)/Bin/Release";
				FRAMEWORK_SEARCH_PATHS = (
					"$(SRCROOT)/ZoomSDK",
					"$(PROJECT_DIR)/ZoomSDK",
				);
				GCC_INCREASE_PRECOMPILED_HEADER_SHARING = NO;
				HEADER_SEARCH_PATHS = "$(SRCROOT)/ZoomSDK/ZoomSDK.framework/Versions/A/Headers";
				INFOPLIST_FILE = ZoomSDKSample/Info.plist;
				LD_RUNPATH_SEARCH_PATHS = "$(inherited) @loader_path/../Frameworks";
				LIBRARY_SEARCH_PATHS = "$(PROJECT_DIR)/ZoomSDK";
				MACOSX_DEPLOYMENT_TARGET = 10.6;
				PRODUCT_BUNDLE_IDENTIFIER = zoom.us.ZoomSDKSample;
				PRODUCT_NAME = "$(TARGET_NAME)";
				SYMROOT = "$(SRCROOT)/Bin/Release";
			};
			name = Release;
		};
/* End XCBuildConfiguration section */

/* Begin XCConfigurationList section */
		971725ED1D3F618A00D5C72D /* Build configuration list for PBXProject "ZoomSDKSample" */ = {
			isa = XCConfigurationList;
			buildConfigurations = (
				971726011D3F618A00D5C72D /* Debug */,
				971726021D3F618A00D5C72D /* Release */,
			);
			defaultConfigurationIsVisible = 0;
			defaultConfigurationName = Release;
		};
		971726031D3F618A00D5C72D /* Build configuration list for PBXNativeTarget "ZoomSDKSample" */ = {
			isa = XCConfigurationList;
			buildConfigurations = (
				971726041D3F618A00D5C72D /* Debug */,
				971726051D3F618A00D5C72D /* Release */,
			);
			defaultConfigurationIsVisible = 0;
			defaultConfigurationName = Release;
		};
/* End XCConfigurationList section */
	};
	rootObject = 971725EA1D3F618A00D5C72D /* Project object */;
}
